// !$*UTF8*$!
{
	archiveVersion = 1;
	classes = {
	};
	objectVersion = 55;
	objects = {

/* Begin PBXBuildFile section */
		028634FF4BD7D31CE747ED82 /* Pods_SpotifyIOSUIKit.framework in Frameworks */ = {isa = PBXBuildFile; fileRef = B57B4763380DCFCEE2760EF1 /* Pods_SpotifyIOSUIKit.framework */; };
		86726D6B284CF4DF00730166 /* SettingsModel.swift in Sources */ = {isa = PBXBuildFile; fileRef = 86726D6A284CF4DF00730166 /* SettingsModel.swift */; };
		86DC790C284C7B3F00F84F03 /* APICaller.swift in Sources */ = {isa = PBXBuildFile; fileRef = 86DC78ED284C7B3E00F84F03 /* APICaller.swift */; };
		86DC790D284C7B3F00F84F03 /* HapticsManager.swift in Sources */ = {isa = PBXBuildFile; fileRef = 86DC78EE284C7B3E00F84F03 /* HapticsManager.swift */; };
		86DC790E284C7B3F00F84F03 /* AuthManager.swift in Sources */ = {isa = PBXBuildFile; fileRef = 86DC78EF284C7B3E00F84F03 /* AuthManager.swift */; };
		86DC790F284C7B3F00F84F03 /* UserProfile.swift in Sources */ = {isa = PBXBuildFile; fileRef = 86DC78F1284C7B3E00F84F03 /* UserProfile.swift */; };
		86DC7910284C7B3F00F84F03 /* Artist.swift in Sources */ = {isa = PBXBuildFile; fileRef = 86DC78F2284C7B3E00F84F03 /* Artist.swift */; };
		86DC7911284C7B3F00F84F03 /* Playlist.swift in Sources */ = {isa = PBXBuildFile; fileRef = 86DC78F3284C7B3E00F84F03 /* Playlist.swift */; };
		86DC7912284C7B3F00F84F03 /* AudioTrack.swift in Sources */ = {isa = PBXBuildFile; fileRef = 86DC78F4284C7B3E00F84F03 /* AudioTrack.swift */; };
		86DC7913284C7B3F00F84F03 /* AuthResponse.swift in Sources */ = {isa = PBXBuildFile; fileRef = 86DC78F5284C7B3E00F84F03 /* AuthResponse.swift */; };
		86DC7914284C7B3F00F84F03 /* Assets.xcassets in Resources */ = {isa = PBXBuildFile; fileRef = 86DC78F7284C7B3E00F84F03 /* Assets.xcassets */; };
		86DC7915284C7B3F00F84F03 /* Extension.swift in Sources */ = {isa = PBXBuildFile; fileRef = 86DC78F8284C7B3F00F84F03 /* Extension.swift */; };
		86DC7916284C7B3F00F84F03 /* AppDelegate.swift in Sources */ = {isa = PBXBuildFile; fileRef = 86DC78F9284C7B3F00F84F03 /* AppDelegate.swift */; };
		86DC7917284C7B3F00F84F03 /* SceneDelegate.swift in Sources */ = {isa = PBXBuildFile; fileRef = 86DC78FA284C7B3F00F84F03 /* SceneDelegate.swift */; };
		86DC7918284C7B3F00F84F03 /* LaunchScreen.storyboard in Resources */ = {isa = PBXBuildFile; fileRef = 86DC78FC284C7B3F00F84F03 /* LaunchScreen.storyboard */; };
		86DC7919284C7B3F00F84F03 /* SearchViewController.swift in Sources */ = {isa = PBXBuildFile; fileRef = 86DC7900284C7B3F00F84F03 /* SearchViewController.swift */; };
		86DC791A284C7B3F00F84F03 /* LibraryViewController.swift in Sources */ = {isa = PBXBuildFile; fileRef = 86DC7901284C7B3F00F84F03 /* LibraryViewController.swift */; };
		86DC791B284C7B3F00F84F03 /* HomeViewController.swift in Sources */ = {isa = PBXBuildFile; fileRef = 86DC7902284C7B3F00F84F03 /* HomeViewController.swift */; };
		86DC791C284C7B3F00F84F03 /* TabBarViewController.swift in Sources */ = {isa = PBXBuildFile; fileRef = 86DC7903284C7B3F00F84F03 /* TabBarViewController.swift */; };
		86DC791D284C7B3F00F84F03 /* AuthViewController.swift in Sources */ = {isa = PBXBuildFile; fileRef = 86DC7905284C7B3F00F84F03 /* AuthViewController.swift */; };
		86DC791E284C7B3F00F84F03 /* PlayerViewController.swift in Sources */ = {isa = PBXBuildFile; fileRef = 86DC7906284C7B3F00F84F03 /* PlayerViewController.swift */; };
		86DC791F284C7B3F00F84F03 /* SearchResultViewController.swift in Sources */ = {isa = PBXBuildFile; fileRef = 86DC7907284C7B3F00F84F03 /* SearchResultViewController.swift */; };
		86DC7920284C7B3F00F84F03 /* WelcomeViewController.swift in Sources */ = {isa = PBXBuildFile; fileRef = 86DC7908284C7B3F00F84F03 /* WelcomeViewController.swift */; };
		86DC7921284C7B3F00F84F03 /* PlaylistViewController.swift in Sources */ = {isa = PBXBuildFile; fileRef = 86DC7909284C7B3F00F84F03 /* PlaylistViewController.swift */; };
		86DC7922284C7B3F00F84F03 /* ProfileViewController.swift in Sources */ = {isa = PBXBuildFile; fileRef = 86DC790A284C7B3F00F84F03 /* ProfileViewController.swift */; };
		86DC7923284C7B3F00F84F03 /* SettingsViewController.swift in Sources */ = {isa = PBXBuildFile; fileRef = 86DC790B284C7B3F00F84F03 /* SettingsViewController.swift */; };
/* End PBXBuildFile section */

/* Begin PBXFileReference section */
		06DD12BBD2BDBD59C4C06137 /* Pods-SpotifyIOSUIKit.release.xcconfig */ = {isa = PBXFileReference; includeInIndex = 1; lastKnownFileType = text.xcconfig; name = "Pods-SpotifyIOSUIKit.release.xcconfig"; path = "Target Support Files/Pods-SpotifyIOSUIKit/Pods-SpotifyIOSUIKit.release.xcconfig"; sourceTree = "<group>"; };
		67E89B001556FB675DE2557B /* Pods-SpotifyIOSUIKit.debug.xcconfig */ = {isa = PBXFileReference; includeInIndex = 1; lastKnownFileType = text.xcconfig; name = "Pods-SpotifyIOSUIKit.debug.xcconfig"; path = "Target Support Files/Pods-SpotifyIOSUIKit/Pods-SpotifyIOSUIKit.debug.xcconfig"; sourceTree = "<group>"; };
		86726D6A284CF4DF00730166 /* SettingsModel.swift */ = {isa = PBXFileReference; lastKnownFileType = sourcecode.swift; path = SettingsModel.swift; sourceTree = "<group>"; };
		86DC78D4284C7B1800F84F03 /* SpotifyIOSUIKit.app */ = {isa = PBXFileReference; explicitFileType = wrapper.application; includeInIndex = 0; path = SpotifyIOSUIKit.app; sourceTree = BUILT_PRODUCTS_DIR; };
		86DC78E5284C7B1A00F84F03 /* Info.plist */ = {isa = PBXFileReference; lastKnownFileType = text.plist.xml; path = Info.plist; sourceTree = "<group>"; };
		86DC78ED284C7B3E00F84F03 /* APICaller.swift */ = {isa = PBXFileReference; fileEncoding = 4; lastKnownFileType = sourcecode.swift; path = APICaller.swift; sourceTree = "<group>"; };
		86DC78EE284C7B3E00F84F03 /* HapticsManager.swift */ = {isa = PBXFileReference; fileEncoding = 4; lastKnownFileType = sourcecode.swift; path = HapticsManager.swift; sourceTree = "<group>"; };
		86DC78EF284C7B3E00F84F03 /* AuthManager.swift */ = {isa = PBXFileReference; fileEncoding = 4; lastKnownFileType = sourcecode.swift; path = AuthManager.swift; sourceTree = "<group>"; };
		86DC78F1284C7B3E00F84F03 /* UserProfile.swift */ = {isa = PBXFileReference; fileEncoding = 4; lastKnownFileType = sourcecode.swift; path = UserProfile.swift; sourceTree = "<group>"; };
		86DC78F2284C7B3E00F84F03 /* Artist.swift */ = {isa = PBXFileReference; fileEncoding = 4; lastKnownFileType = sourcecode.swift; path = Artist.swift; sourceTree = "<group>"; };
		86DC78F3284C7B3E00F84F03 /* Playlist.swift */ = {isa = PBXFileReference; fileEncoding = 4; lastKnownFileType = sourcecode.swift; path = Playlist.swift; sourceTree = "<group>"; };
		86DC78F4284C7B3E00F84F03 /* AudioTrack.swift */ = {isa = PBXFileReference; fileEncoding = 4; lastKnownFileType = sourcecode.swift; path = AudioTrack.swift; sourceTree = "<group>"; };
		86DC78F5284C7B3E00F84F03 /* AuthResponse.swift */ = {isa = PBXFileReference; fileEncoding = 4; lastKnownFileType = sourcecode.swift; path = AuthResponse.swift; sourceTree = "<group>"; };
		86DC78F7284C7B3E00F84F03 /* Assets.xcassets */ = {isa = PBXFileReference; lastKnownFileType = folder.assetcatalog; path = Assets.xcassets; sourceTree = "<group>"; };
		86DC78F8284C7B3F00F84F03 /* Extension.swift */ = {isa = PBXFileReference; fileEncoding = 4; lastKnownFileType = sourcecode.swift; path = Extension.swift; sourceTree = "<group>"; };
		86DC78F9284C7B3F00F84F03 /* AppDelegate.swift */ = {isa = PBXFileReference; fileEncoding = 4; lastKnownFileType = sourcecode.swift; path = AppDelegate.swift; sourceTree = "<group>"; };
		86DC78FA284C7B3F00F84F03 /* SceneDelegate.swift */ = {isa = PBXFileReference; fileEncoding = 4; lastKnownFileType = sourcecode.swift; path = SceneDelegate.swift; sourceTree = "<group>"; };
		86DC78FD284C7B3F00F84F03 /* Base */ = {isa = PBXFileReference; lastKnownFileType = file.storyboard; name = Base; path = Base.lproj/LaunchScreen.storyboard; sourceTree = "<group>"; };
		86DC7900284C7B3F00F84F03 /* SearchViewController.swift */ = {isa = PBXFileReference; fileEncoding = 4; lastKnownFileType = sourcecode.swift; path = SearchViewController.swift; sourceTree = "<group>"; };
		86DC7901284C7B3F00F84F03 /* LibraryViewController.swift */ = {isa = PBXFileReference; fileEncoding = 4; lastKnownFileType = sourcecode.swift; path = LibraryViewController.swift; sourceTree = "<group>"; };
		86DC7902284C7B3F00F84F03 /* HomeViewController.swift */ = {isa = PBXFileReference; fileEncoding = 4; lastKnownFileType = sourcecode.swift; path = HomeViewController.swift; sourceTree = "<group>"; };
		86DC7903284C7B3F00F84F03 /* TabBarViewController.swift */ = {isa = PBXFileReference; fileEncoding = 4; lastKnownFileType = sourcecode.swift; path = TabBarViewController.swift; sourceTree = "<group>"; };
		86DC7905284C7B3F00F84F03 /* AuthViewController.swift */ = {isa = PBXFileReference; fileEncoding = 4; lastKnownFileType = sourcecode.swift; path = AuthViewController.swift; sourceTree = "<group>"; };
		86DC7906284C7B3F00F84F03 /* PlayerViewController.swift */ = {isa = PBXFileReference; fileEncoding = 4; lastKnownFileType = sourcecode.swift; path = PlayerViewController.swift; sourceTree = "<group>"; };
		86DC7907284C7B3F00F84F03 /* SearchResultViewController.swift */ = {isa = PBXFileReference; fileEncoding = 4; lastKnownFileType = sourcecode.swift; path = SearchResultViewController.swift; sourceTree = "<group>"; };
		86DC7908284C7B3F00F84F03 /* WelcomeViewController.swift */ = {isa = PBXFileReference; fileEncoding = 4; lastKnownFileType = sourcecode.swift; path = WelcomeViewController.swift; sourceTree = "<group>"; };
		86DC7909284C7B3F00F84F03 /* PlaylistViewController.swift */ = {isa = PBXFileReference; fileEncoding = 4; lastKnownFileType = sourcecode.swift; path = PlaylistViewController.swift; sourceTree = "<group>"; };
		86DC790A284C7B3F00F84F03 /* ProfileViewController.swift */ = {isa = PBXFileReference; fileEncoding = 4; lastKnownFileType = sourcecode.swift; path = ProfileViewController.swift; sourceTree = "<group>"; };
		86DC790B284C7B3F00F84F03 /* SettingsViewController.swift */ = {isa = PBXFileReference; fileEncoding = 4; lastKnownFileType = sourcecode.swift; path = SettingsViewController.swift; sourceTree = "<group>"; };
		B57B4763380DCFCEE2760EF1 /* Pods_SpotifyIOSUIKit.framework */ = {isa = PBXFileReference; explicitFileType = wrapper.framework; includeInIndex = 0; path = Pods_SpotifyIOSUIKit.framework; sourceTree = BUILT_PRODUCTS_DIR; };
/* End PBXFileReference section */

/* Begin PBXFrameworksBuildPhase section */
		86DC78D1284C7B1800F84F03 /* Frameworks */ = {
			isa = PBXFrameworksBuildPhase;
			buildActionMask = 2147483647;
			files = (
				028634FF4BD7D31CE747ED82 /* Pods_SpotifyIOSUIKit.framework in Frameworks */,
			);
			runOnlyForDeploymentPostprocessing = 0;
		};
/* End PBXFrameworksBuildPhase section */

/* Begin PBXGroup section */
		4DA0D7289F7F225D9A93EE93 /* Frameworks */ = {
			isa = PBXGroup;
			children = (
				B57B4763380DCFCEE2760EF1 /* Pods_SpotifyIOSUIKit.framework */,
			);
			name = Frameworks;
			sourceTree = "<group>";
		};
		769A09B277785085122D1616 /* Pods */ = {
			isa = PBXGroup;
			children = (
				67E89B001556FB675DE2557B /* Pods-SpotifyIOSUIKit.debug.xcconfig */,
				06DD12BBD2BDBD59C4C06137 /* Pods-SpotifyIOSUIKit.release.xcconfig */,
			);
			name = Pods;
			path = Pods;
			sourceTree = "<group>";
		};
		86DC78CB284C7B1800F84F03 = {
			isa = PBXGroup;
			children = (
				86DC78D6284C7B1800F84F03 /* SpotifyIOSUIKit */,
				86DC78D5284C7B1800F84F03 /* Products */,
				769A09B277785085122D1616 /* Pods */,
				4DA0D7289F7F225D9A93EE93 /* Frameworks */,
			);
			sourceTree = "<group>";
		};
		86DC78D5284C7B1800F84F03 /* Products */ = {
			isa = PBXGroup;
			children = (
				86DC78D4284C7B1800F84F03 /* SpotifyIOSUIKit.app */,
			);
			name = Products;
			sourceTree = "<group>";
		};
		86DC78D6284C7B1800F84F03 /* SpotifyIOSUIKit */ = {
			isa = PBXGroup;
			children = (
				86DC78FE284C7B3F00F84F03 /* Controllers */,
				86DC78EC284C7B3E00F84F03 /* Managers */,
				86DC78F0284C7B3E00F84F03 /* Models */,
				86DC78F6284C7B3E00F84F03 /* Resources */,
				86DC78EB284C7B3E00F84F03 /* ViewModels */,
				86DC78FB284C7B3F00F84F03 /* Views */,
				86DC78E5284C7B1A00F84F03 /* Info.plist */,
			);
			path = SpotifyIOSUIKit;
			sourceTree = "<group>";
		};
		86DC78EB284C7B3E00F84F03 /* ViewModels */ = {
			isa = PBXGroup;
			children = (
			);
			path = ViewModels;
			sourceTree = "<group>";
		};
		86DC78EC284C7B3E00F84F03 /* Managers */ = {
			isa = PBXGroup;
			children = (
				86DC78ED284C7B3E00F84F03 /* APICaller.swift */,
				86DC78EE284C7B3E00F84F03 /* HapticsManager.swift */,
				86DC78EF284C7B3E00F84F03 /* AuthManager.swift */,
			);
			path = Managers;
			sourceTree = "<group>";
		};
		86DC78F0284C7B3E00F84F03 /* Models */ = {
			isa = PBXGroup;
			children = (
				86DC78F1284C7B3E00F84F03 /* UserProfile.swift */,
				86DC78F2284C7B3E00F84F03 /* Artist.swift */,
				86DC78F3284C7B3E00F84F03 /* Playlist.swift */,
				86DC78F4284C7B3E00F84F03 /* AudioTrack.swift */,
				86DC78F5284C7B3E00F84F03 /* AuthResponse.swift */,
				86726D6A284CF4DF00730166 /* SettingsModel.swift */,
			);
			path = Models;
			sourceTree = "<group>";
		};
		86DC78F6284C7B3E00F84F03 /* Resources */ = {
			isa = PBXGroup;
			children = (
				86DC78F7284C7B3E00F84F03 /* Assets.xcassets */,
				86DC78F8284C7B3F00F84F03 /* Extension.swift */,
				86DC78F9284C7B3F00F84F03 /* AppDelegate.swift */,
				86DC78FA284C7B3F00F84F03 /* SceneDelegate.swift */,
			);
			path = Resources;
			sourceTree = "<group>";
		};
		86DC78FB284C7B3F00F84F03 /* Views */ = {
			isa = PBXGroup;
			children = (
				86DC78FC284C7B3F00F84F03 /* LaunchScreen.storyboard */,
			);
			path = Views;
			sourceTree = "<group>";
		};
		86DC78FE284C7B3F00F84F03 /* Controllers */ = {
			isa = PBXGroup;
			children = (
				86DC78FF284C7B3F00F84F03 /* Core */,
				86DC7904284C7B3F00F84F03 /* Other */,
			);
			path = Controllers;
			sourceTree = "<group>";
		};
		86DC78FF284C7B3F00F84F03 /* Core */ = {
			isa = PBXGroup;
			children = (
				86DC7900284C7B3F00F84F03 /* SearchViewController.swift */,
				86DC7901284C7B3F00F84F03 /* LibraryViewController.swift */,
				86DC7902284C7B3F00F84F03 /* HomeViewController.swift */,
				86DC7903284C7B3F00F84F03 /* TabBarViewController.swift */,
			);
			path = Core;
			sourceTree = "<group>";
		};
		86DC7904284C7B3F00F84F03 /* Other */ = {
			isa = PBXGroup;
			children = (
				86DC7905284C7B3F00F84F03 /* AuthViewController.swift */,
				86DC7906284C7B3F00F84F03 /* PlayerViewController.swift */,
				86DC7907284C7B3F00F84F03 /* SearchResultViewController.swift */,
				86DC7908284C7B3F00F84F03 /* WelcomeViewController.swift */,
				86DC7909284C7B3F00F84F03 /* PlaylistViewController.swift */,
				86DC790A284C7B3F00F84F03 /* ProfileViewController.swift */,
				86DC790B284C7B3F00F84F03 /* SettingsViewController.swift */,
			);
			path = Other;
			sourceTree = "<group>";
		};
/* End PBXGroup section */

/* Begin PBXNativeTarget section */
		86DC78D3284C7B1800F84F03 /* SpotifyIOSUIKit */ = {
			isa = PBXNativeTarget;
			buildConfigurationList = 86DC78E8284C7B1A00F84F03 /* Build configuration list for PBXNativeTarget "SpotifyIOSUIKit" */;
			buildPhases = (
				1E059A624CD3F9F3BB0FD33F /* [CP] Check Pods Manifest.lock */,
				86DC78D0284C7B1800F84F03 /* Sources */,
				86DC78D1284C7B1800F84F03 /* Frameworks */,
				86DC78D2284C7B1800F84F03 /* Resources */,
				36D8880AD7346B31920DCADE /* [CP] Embed Pods Frameworks */,
			);
			buildRules = (
			);
			dependencies = (
			);
			name = SpotifyIOSUIKit;
			productName = SpotifyIOSUIKit;
			productReference = 86DC78D4284C7B1800F84F03 /* SpotifyIOSUIKit.app */;
			productType = "com.apple.product-type.application";
		};
/* End PBXNativeTarget section */

/* Begin PBXProject section */
		86DC78CC284C7B1800F84F03 /* Project object */ = {
			isa = PBXProject;
			attributes = {
				BuildIndependentTargetsInParallel = 1;
				LastSwiftUpdateCheck = 1340;
				LastUpgradeCheck = 1340;
				TargetAttributes = {
					86DC78D3284C7B1800F84F03 = {
						CreatedOnToolsVersion = 13.4;
					};
				};
			};
			buildConfigurationList = 86DC78CF284C7B1800F84F03 /* Build configuration list for PBXProject "SpotifyIOSUIKit" */;
			compatibilityVersion = "Xcode 13.0";
			developmentRegion = en;
			hasScannedForEncodings = 0;
			knownRegions = (
				en,
				Base,
			);
			mainGroup = 86DC78CB284C7B1800F84F03;
			productRefGroup = 86DC78D5284C7B1800F84F03 /* Products */;
			projectDirPath = "";
			projectRoot = "";
			targets = (
				86DC78D3284C7B1800F84F03 /* SpotifyIOSUIKit */,
			);
		};
/* End PBXProject section */

/* Begin PBXResourcesBuildPhase section */
		86DC78D2284C7B1800F84F03 /* Resources */ = {
			isa = PBXResourcesBuildPhase;
			buildActionMask = 2147483647;
			files = (
				86DC7914284C7B3F00F84F03 /* Assets.xcassets in Resources */,
				86DC7918284C7B3F00F84F03 /* LaunchScreen.storyboard in Resources */,
			);
			runOnlyForDeploymentPostprocessing = 0;
		};
/* End PBXResourcesBuildPhase section */

/* Begin PBXShellScriptBuildPhase section */
		1E059A624CD3F9F3BB0FD33F /* [CP] Check Pods Manifest.lock */ = {
			isa = PBXShellScriptBuildPhase;
			buildActionMask = 2147483647;
			files = (
			);
			inputFileListPaths = (
			);
			inputPaths = (
				"${PODS_PODFILE_DIR_PATH}/Podfile.lock",
				"${PODS_ROOT}/Manifest.lock",
			);
			name = "[CP] Check Pods Manifest.lock";
			outputFileListPaths = (
			);
			outputPaths = (
				"$(DERIVED_FILE_DIR)/Pods-SpotifyIOSUIKit-checkManifestLockResult.txt",
			);
			runOnlyForDeploymentPostprocessing = 0;
			shellPath = /bin/sh;
			shellScript = "diff \"${PODS_PODFILE_DIR_PATH}/Podfile.lock\" \"${PODS_ROOT}/Manifest.lock\" > /dev/null\nif [ $? != 0 ] ; then\n    # print error to STDERR\n    echo \"error: The sandbox is not in sync with the Podfile.lock. Run 'pod install' or update your CocoaPods installation.\" >&2\n    exit 1\nfi\n# This output is used by Xcode 'outputs' to avoid re-running this script phase.\necho \"SUCCESS\" > \"${SCRIPT_OUTPUT_FILE_0}\"\n";
			showEnvVarsInLog = 0;
		};
		36D8880AD7346B31920DCADE /* [CP] Embed Pods Frameworks */ = {
			isa = PBXShellScriptBuildPhase;
			buildActionMask = 2147483647;
			files = (
			);
			inputFileListPaths = (
				"${PODS_ROOT}/Target Support Files/Pods-SpotifyIOSUIKit/Pods-SpotifyIOSUIKit-frameworks-${CONFIGURATION}-input-files.xcfilelist",
			);
			name = "[CP] Embed Pods Frameworks";
			outputFileListPaths = (
				"${PODS_ROOT}/Target Support Files/Pods-SpotifyIOSUIKit/Pods-SpotifyIOSUIKit-frameworks-${CONFIGURATION}-output-files.xcfilelist",
			);
			runOnlyForDeploymentPostprocessing = 0;
			shellPath = /bin/sh;
			shellScript = "\"${PODS_ROOT}/Target Support Files/Pods-SpotifyIOSUIKit/Pods-SpotifyIOSUIKit-frameworks.sh\"\n";
			showEnvVarsInLog = 0;
		};
/* End PBXShellScriptBuildPhase section */

/* Begin PBXSourcesBuildPhase section */
		86DC78D0284C7B1800F84F03 /* Sources */ = {
			isa = PBXSourcesBuildPhase;
			buildActionMask = 2147483647;
			files = (
				86DC7915284C7B3F00F84F03 /* Extension.swift in Sources */,
				86DC790F284C7B3F00F84F03 /* UserProfile.swift in Sources */,
				86DC790D284C7B3F00F84F03 /* HapticsManager.swift in Sources */,
				86DC790E284C7B3F00F84F03 /* AuthManager.swift in Sources */,
				86DC791D284C7B3F00F84F03 /* AuthViewController.swift in Sources */,
				86DC7910284C7B3F00F84F03 /* Artist.swift in Sources */,
				86DC791B284C7B3F00F84F03 /* HomeViewController.swift in Sources */,
				86DC790C284C7B3F00F84F03 /* APICaller.swift in Sources */,
				86DC7919284C7B3F00F84F03 /* SearchViewController.swift in Sources */,
				86DC7912284C7B3F00F84F03 /* AudioTrack.swift in Sources */,
				86DC791F284C7B3F00F84F03 /* SearchResultViewController.swift in Sources */,
				86DC7917284C7B3F00F84F03 /* SceneDelegate.swift in Sources */,
				86726D6B284CF4DF00730166 /* SettingsModel.swift in Sources */,
				86DC7913284C7B3F00F84F03 /* AuthResponse.swift in Sources */,
				86DC7923284C7B3F00F84F03 /* SettingsViewController.swift in Sources */,
				86DC7916284C7B3F00F84F03 /* AppDelegate.swift in Sources */,
				86DC7911284C7B3F00F84F03 /* Playlist.swift in Sources */,
				86DC791C284C7B3F00F84F03 /* TabBarViewController.swift in Sources */,
				86DC7921284C7B3F00F84F03 /* PlaylistViewController.swift in Sources */,
				86DC791A284C7B3F00F84F03 /* LibraryViewController.swift in Sources */,
				86DC7922284C7B3F00F84F03 /* ProfileViewController.swift in Sources */,
				86DC791E284C7B3F00F84F03 /* PlayerViewController.swift in Sources */,
				86DC7920284C7B3F00F84F03 /* WelcomeViewController.swift in Sources */,
			);
			runOnlyForDeploymentPostprocessing = 0;
		};
/* End PBXSourcesBuildPhase section */

/* Begin PBXVariantGroup section */
		86DC78FC284C7B3F00F84F03 /* LaunchScreen.storyboard */ = {
			isa = PBXVariantGroup;
			children = (
				86DC78FD284C7B3F00F84F03 /* Base */,
			);
			name = LaunchScreen.storyboard;
			sourceTree = "<group>";
		};
/* End PBXVariantGroup section */

/* Begin XCBuildConfiguration section */
		86DC78E6284C7B1A00F84F03 /* Debug */ = {
			isa = XCBuildConfiguration;
			buildSettings = {
				ALWAYS_SEARCH_USER_PATHS = NO;
				CLANG_ANALYZER_NONNULL = YES;
				CLANG_ANALYZER_NUMBER_OBJECT_CONVERSION = YES_AGGRESSIVE;
				CLANG_CXX_LANGUAGE_STANDARD = "gnu++17";
				CLANG_ENABLE_MODULES = YES;
				CLANG_ENABLE_OBJC_ARC = YES;
				CLANG_ENABLE_OBJC_WEAK = YES;
				CLANG_WARN_BLOCK_CAPTURE_AUTORELEASING = YES;
				CLANG_WARN_BOOL_CONVERSION = YES;
				CLANG_WARN_COMMA = YES;
				CLANG_WARN_CONSTANT_CONVERSION = YES;
				CLANG_WARN_DEPRECATED_OBJC_IMPLEMENTATIONS = YES;
				CLANG_WARN_DIRECT_OBJC_ISA_USAGE = YES_ERROR;
				CLANG_WARN_DOCUMENTATION_COMMENTS = YES;
				CLANG_WARN_EMPTY_BODY = YES;
				CLANG_WARN_ENUM_CONVERSION = YES;
				CLANG_WARN_INFINITE_RECURSION = YES;
				CLANG_WARN_INT_CONVERSION = YES;
				CLANG_WARN_NON_LITERAL_NULL_CONVERSION = YES;
				CLANG_WARN_OBJC_IMPLICIT_RETAIN_SELF = YES;
				CLANG_WARN_OBJC_LITERAL_CONVERSION = YES;
				CLANG_WARN_OBJC_ROOT_CLASS = YES_ERROR;
				CLANG_WARN_QUOTED_INCLUDE_IN_FRAMEWORK_HEADER = YES;
				CLANG_WARN_RANGE_LOOP_ANALYSIS = YES;
				CLANG_WARN_STRICT_PROTOTYPES = YES;
				CLANG_WARN_SUSPICIOUS_MOVE = YES;
				CLANG_WARN_UNGUARDED_AVAILABILITY = YES_AGGRESSIVE;
				CLANG_WARN_UNREACHABLE_CODE = YES;
				CLANG_WARN__DUPLICATE_METHOD_MATCH = YES;
				COPY_PHASE_STRIP = NO;
				DEBUG_INFORMATION_FORMAT = dwarf;
				ENABLE_STRICT_OBJC_MSGSEND = YES;
				ENABLE_TESTABILITY = YES;
				GCC_C_LANGUAGE_STANDARD = gnu11;
				GCC_DYNAMIC_NO_PIC = NO;
				GCC_NO_COMMON_BLOCKS = YES;
				GCC_OPTIMIZATION_LEVEL = 0;
				GCC_PREPROCESSOR_DEFINITIONS = (
					"DEBUG=1",
					"$(inherited)",
				);
				GCC_WARN_64_TO_32_BIT_CONVERSION = YES;
				GCC_WARN_ABOUT_RETURN_TYPE = YES_ERROR;
				GCC_WARN_UNDECLARED_SELECTOR = YES;
				GCC_WARN_UNINITIALIZED_AUTOS = YES_AGGRESSIVE;
				GCC_WARN_UNUSED_FUNCTION = YES;
				GCC_WARN_UNUSED_VARIABLE = YES;
				IPHONEOS_DEPLOYMENT_TARGET = 15.5;
				MTL_ENABLE_DEBUG_INFO = INCLUDE_SOURCE;
				MTL_FAST_MATH = YES;
				ONLY_ACTIVE_ARCH = YES;
				SDKROOT = iphoneos;
				SWIFT_ACTIVE_COMPILATION_CONDITIONS = DEBUG;
				SWIFT_OPTIMIZATION_LEVEL = "-Onone";
			};
			name = Debug;
		};
		86DC78E7284C7B1A00F84F03 /* Release */ = {
			isa = XCBuildConfiguration;
			buildSettings = {
				ALWAYS_SEARCH_USER_PATHS = NO;
				CLANG_ANALYZER_NONNULL = YES;
				CLANG_ANALYZER_NUMBER_OBJECT_CONVERSION = YES_AGGRESSIVE;
				CLANG_CXX_LANGUAGE_STANDARD = "gnu++17";
				CLANG_ENABLE_MODULES = YES;
				CLANG_ENABLE_OBJC_ARC = YES;
				CLANG_ENABLE_OBJC_WEAK = YES;
				CLANG_WARN_BLOCK_CAPTURE_AUTORELEASING = YES;
				CLANG_WARN_BOOL_CONVERSION = YES;
				CLANG_WARN_COMMA = YES;
				CLANG_WARN_CONSTANT_CONVERSION = YES;
				CLANG_WARN_DEPRECATED_OBJC_IMPLEMENTATIONS = YES;
				CLANG_WARN_DIRECT_OBJC_ISA_USAGE = YES_ERROR;
				CLANG_WARN_DOCUMENTATION_COMMENTS = YES;
				CLANG_WARN_EMPTY_BODY = YES;
				CLANG_WARN_ENUM_CONVERSION = YES;
				CLANG_WARN_INFINITE_RECURSION = YES;
				CLANG_WARN_INT_CONVERSION = YES;
				CLANG_WARN_NON_LITERAL_NULL_CONVERSION = YES;
				CLANG_WARN_OBJC_IMPLICIT_RETAIN_SELF = YES;
				CLANG_WARN_OBJC_LITERAL_CONVERSION = YES;
				CLANG_WARN_OBJC_ROOT_CLASS = YES_ERROR;
				CLANG_WARN_QUOTED_INCLUDE_IN_FRAMEWORK_HEADER = YES;
				CLANG_WARN_RANGE_LOOP_ANALYSIS = YES;
				CLANG_WARN_STRICT_PROTOTYPES = YES;
				CLANG_WARN_SUSPICIOUS_MOVE = YES;
				CLANG_WARN_UNGUARDED_AVAILABILITY = YES_AGGRESSIVE;
				CLANG_WARN_UNREACHABLE_CODE = YES;
				CLANG_WARN__DUPLICATE_METHOD_MATCH = YES;
				COPY_PHASE_STRIP = NO;
				DEBUG_INFORMATION_FORMAT = "dwarf-with-dsym";
				ENABLE_NS_ASSERTIONS = NO;
				ENABLE_STRICT_OBJC_MSGSEND = YES;
				GCC_C_LANGUAGE_STANDARD = gnu11;
				GCC_NO_COMMON_BLOCKS = YES;
				GCC_WARN_64_TO_32_BIT_CONVERSION = YES;
				GCC_WARN_ABOUT_RETURN_TYPE = YES_ERROR;
				GCC_WARN_UNDECLARED_SELECTOR = YES;
				GCC_WARN_UNINITIALIZED_AUTOS = YES_AGGRESSIVE;
				GCC_WARN_UNUSED_FUNCTION = YES;
				GCC_WARN_UNUSED_VARIABLE = YES;
				IPHONEOS_DEPLOYMENT_TARGET = 15.5;
				MTL_ENABLE_DEBUG_INFO = NO;
				MTL_FAST_MATH = YES;
				SDKROOT = iphoneos;
				SWIFT_COMPILATION_MODE = wholemodule;
				SWIFT_OPTIMIZATION_LEVEL = "-O";
				VALIDATE_PRODUCT = YES;
			};
			name = Release;
		};
		86DC78E9284C7B1A00F84F03 /* Debug */ = {
			isa = XCBuildConfiguration;
			baseConfigurationReference = 67E89B001556FB675DE2557B /* Pods-SpotifyIOSUIKit.debug.xcconfig */;
			buildSettings = {
				ASSETCATALOG_COMPILER_APPICON_NAME = AppIcon;
				ASSETCATALOG_COMPILER_GLOBAL_ACCENT_COLOR_NAME = AccentColor;
				CODE_SIGN_STYLE = Automatic;
				CURRENT_PROJECT_VERSION = 1;
				DEVELOPMENT_TEAM = AXD33J252A;
				GENERATE_INFOPLIST_FILE = YES;
				INFOPLIST_FILE = SpotifyIOSUIKit/Info.plist;
				INFOPLIST_KEY_UIApplicationSupportsIndirectInputEvents = YES;
				INFOPLIST_KEY_UILaunchStoryboardName = LaunchScreen;
				INFOPLIST_KEY_UISupportedInterfaceOrientations_iPad = "UIInterfaceOrientationPortrait UIInterfaceOrientationPortraitUpsideDown UIInterfaceOrientationLandscapeLeft UIInterfaceOrientationLandscapeRight";
				INFOPLIST_KEY_UISupportedInterfaceOrientations_iPhone = "UIInterfaceOrientationPortrait UIInterfaceOrientationLandscapeLeft UIInterfaceOrientationLandscapeRight";
				IPHONEOS_DEPLOYMENT_TARGET = 14.0;
				LD_RUNPATH_SEARCH_PATHS = (
					"$(inherited)",
					"@executable_path/Frameworks",
				);
				MARKETING_VERSION = 1.0;
				PRODUCT_BUNDLE_IDENTIFIER = me.ivanchristian.SpotifyIOSUIKit;
				PRODUCT_NAME = "$(TARGET_NAME)";
				SWIFT_EMIT_LOC_STRINGS = YES;
				SWIFT_VERSION = 5.0;
				TARGETED_DEVICE_FAMILY = "1,2";
			};
			name = Debug;
		};
		86DC78EA284C7B1A00F84F03 /* Release */ = {
			isa = XCBuildConfiguration;
			baseConfigurationReference = 06DD12BBD2BDBD59C4C06137 /* Pods-SpotifyIOSUIKit.release.xcconfig */;
			buildSettings = {
				ASSETCATALOG_COMPILER_APPICON_NAME = AppIcon;
				ASSETCATALOG_COMPILER_GLOBAL_ACCENT_COLOR_NAME = AccentColor;
				CODE_SIGN_STYLE = Automatic;
				CURRENT_PROJECT_VERSION = 1;
				DEVELOPMENT_TEAM = AXD33J252A;
				GENERATE_INFOPLIST_FILE = YES;
				INFOPLIST_FILE = SpotifyIOSUIKit/Info.plist;
				INFOPLIST_KEY_UIApplicationSupportsIndirectInputEvents = YES;
				INFOPLIST_KEY_UILaunchStoryboardName = LaunchScreen;
				INFOPLIST_KEY_UISupportedInterfaceOrientations_iPad = "UIInterfaceOrientationPortrait UIInterfaceOrientationPortraitUpsideDown UIInterfaceOrientationLandscapeLeft UIInterfaceOrientationLandscapeRight";
				INFOPLIST_KEY_UISupportedInterfaceOrientations_iPhone = "UIInterfaceOrientationPortrait UIInterfaceOrientationLandscapeLeft UIInterfaceOrientationLandscapeRight";
				IPHONEOS_DEPLOYMENT_TARGET = 14.0;
				LD_RUNPATH_SEARCH_PATHS = (
					"$(inherited)",
					"@executable_path/Frameworks",
				);
				MARKETING_VERSION = 1.0;
				PRODUCT_BUNDLE_IDENTIFIER = me.ivanchristian.SpotifyIOSUIKit;
				PRODUCT_NAME = "$(TARGET_NAME)";
				SWIFT_EMIT_LOC_STRINGS = YES;
				SWIFT_VERSION = 5.0;
				TARGETED_DEVICE_FAMILY = "1,2";
			};
			name = Release;
		};
/* End XCBuildConfiguration section */

/* Begin XCConfigurationList section */
		86DC78CF284C7B1800F84F03 /* Build configuration list for PBXProject "SpotifyIOSUIKit" */ = {
			isa = XCConfigurationList;
			buildConfigurations = (
				86DC78E6284C7B1A00F84F03 /* Debug */,
				86DC78E7284C7B1A00F84F03 /* Release */,
			);
			defaultConfigurationIsVisible = 0;
			defaultConfigurationName = Release;
		};
		86DC78E8284C7B1A00F84F03 /* Build configuration list for PBXNativeTarget "SpotifyIOSUIKit" */ = {
			isa = XCConfigurationList;
			buildConfigurations = (
				86DC78E9284C7B1A00F84F03 /* Debug */,
				86DC78EA284C7B1A00F84F03 /* Release */,
			);
			defaultConfigurationIsVisible = 0;
			defaultConfigurationName = Release;
		};
/* End XCConfigurationList section */
	};
	rootObject = 86DC78CC284C7B1800F84F03 /* Project object */;
}
